
Microsoft Visual Studio Solution File, Format Version 12.00
# Visual Studio Version 16
VisualStudioVersion = 16.0.31005.135
MinimumVisualStudioVersion = 10.0.40219.1
Project("{FAE04EC0-301F-11D3-BF4B-00C04F79EFBC}") = "IBM1410Console", "IBM1410Console\IBM1410Console.csproj", "{685CA965-E467-4849-ABD8-CDB0D4840C98}"
EndProject
Global
	GlobalSection(SolutionConfigurationPlatforms) = preSolution
		Debug|Any CPU = Debug|Any CPU
		Release|Any CPU = Release|Any CPU
	EndGlobalSection
	GlobalSection(ProjectConfigurationPlatforms) = postSolution
		{685CA965-E467-4849-ABD8-CDB0D4840C98}.Debug|Any CPU.ActiveCfg = Debug|Any CPU
		{685CA965-E467-4849-ABD8-CDB0D4840C98}.Debug|Any CPU.Build.0 = Debug|Any CPU
		{685CA965-E467-4849-ABD8-CDB0D4840C98}.Release|Any CPU.ActiveCfg = Release|Any CPU
		{685CA965-E467-4849-ABD8-CDB0D4840C98}.Release|Any CPU.Build.0 = Release|Any CPU
	EndGlobalSection
	GlobalSection(SolutionProperties) = preSolution
		HideSolutionNode = FALSE
	EndGlobalSection
	GlobalSection(ExtensibilityGlobals) = postSolution
		SolutionGuid = {810E1524-29A4-4E7C-BC06-8589E28B3824}
	EndGlobalSection
EndGlobal
